// !$*UTF8*$!
{
	archiveVersion = 1;
	classes = {
	};
	objectVersion = 77;
	objects = {
		A0000000000000000000000A /* Walks.swift in Sources */ = {isa = PBXBuildFile; fileRef = A0000000000000000000000B /* Walks.swift */; };
		A0000000000000000000000B /* Walks.swift */ = {isa = PBXFileReference; lastKnownFileType = sourcecode.swift; path = Walks.swift; sourceTree = "<group>"; };
		A0000000000000000000000C /* Walks.xctest */ = {isa = PBXFileReference; explicitFileType = wrapper.cfbundle; includeInIndex = 0; path = Walks.xctest; sourceTree = BUILT_PRODUCTS_DIR; };
		A0000000000000000000000D = {isa = PBXGroup; children = (A0000000000000000000000B, A0000000000000000000000E); sourceTree = "<group>"; };
		A0000000000000000000000E /* Products */ = {isa = PBXGroup; children = (A0000000000000000000000C); name = Products; sourceTree = "<group>"; };
		A0000000000000000000000F /* Sources */ = {isa = PBXSourcesBuildPhase; buildActionMask = 2147483647; files = (A0000000000000000000000A); runOnlyForDeploymentPostprocessing = 0; };
		A00000000000000000000010 /* Walks */ = {isa = PBXNativeTarget; buildConfigurationList = A00000000000000000000011; buildPhases = (A0000000000000000000000F); buildRules = (); dependencies = (); name = Walks; productName = Walks; productReference = A0000000000000000000000C; productType = "com.apple.product-type.bundle.ui-testing"; };
		A00000000000000000000011 = {isa = XCConfigurationList; buildConfigurations = (A00000000000000000000012); defaultConfigurationName = Release; };
		A00000000000000000000012 /* Release */ = {isa = XCBuildConfiguration; buildSettings = {
			GENERATE_INFOPLIST_FILE = YES;
			PRODUCT_BUNDLE_IDENTIFIER = local.altitude.walks;
			PRODUCT_NAME = Walks;
			SWIFT_VERSION = 5.0;
		}; name = Release; };
		A00000000000000000000013 = {isa = XCConfigurationList; buildConfigurations = (A00000000000000000000014); defaultConfigurationName = Release; };
		A00000000000000000000014 /* Release */ = {isa = XCBuildConfiguration; buildSettings = {
			ALWAYS_SEARCH_USER_PATHS = NO;
			CODE_SIGN_IDENTITY = "-";
			CODE_SIGN_STYLE = Manual;
			IPHONEOS_DEPLOYMENT_TARGET = 18.0;
			SDKROOT = iphoneos;
			SUPPORTED_PLATFORMS = "iphonesimulator";
			TARGETED_DEVICE_FAMILY = 1;
		}; name = Release; };
		A00000000000000000000015 /* Project object */ = {isa = PBXProject; buildConfigurationList = A00000000000000000000013; compatibilityVersion = "Xcode 14.0"; mainGroup = A0000000000000000000000D; productRefGroup = A0000000000000000000000E; projectDirPath = ""; projectRoot = ""; targets = (A00000000000000000000010); };
	};
	rootObject = A00000000000000000000015;
}
